
Microsoft Visual Studio Solution File, Format Version 12.00
# Visual Studio Version 17
VisualStudioVersion = 17.11.35327.3
MinimumVisualStudioVersion = 10.0.40219.1
Project("{FAE04EC0-301F-11D3-BF4B-00C04F79EFBC}") = "idk", "idk\idk.csproj", "{AC46EAE8-B6D0-4F4E-8ACB-2EC26C0AB15E}"
EndProject
Global
	GlobalSection(SolutionConfigurationPlatforms) = preSolution
		Debug|Any CPU = Debug|Any CPU
		Release|Any CPU = Release|Any CPU
	EndGlobalSection
	GlobalSection(ProjectConfigurationPlatforms) = postSolution
		{AC46EAE8-B6D0-4F4E-8ACB-2EC26C0AB15E}.Debug|Any CPU.ActiveCfg = Debug|Any CPU
		{AC46EAE8-B6D0-4F4E-8ACB-2EC26C0AB15E}.Debug|Any CPU.Build.0 = Debug|Any CPU
		{AC46EAE8-B6D0-4F4E-8ACB-2EC26C0AB15E}.Release|Any CPU.ActiveCfg = Release|Any CPU
		{AC46EAE8-B6D0-4F4E-8ACB-2EC26C0AB15E}.Release|Any CPU.Build.0 = Release|Any CPU
	EndGlobalSection
	GlobalSection(SolutionProperties) = preSolution
		HideSolutionNode = FALSE
	EndGlobalSection
	GlobalSection(ExtensibilityGlobals) = postSolution
		SolutionGuid = {F199A371-F32C-45C5-8C5E-BDEE6EB89CC1}
	EndGlobalSection
EndGlobal
