
Microsoft Visual Studio Solution File, Format Version 12.00
# Visual Studio Version 17
VisualStudioVersion = 17.12.35514.174 d17.12
MinimumVisualStudioVersion = 10.0.40219.1
Project("{FAE04EC0-301F-11D3-BF4B-00C04F79EFBC}") = "schedule-app", "schedule-app.csproj", "{A25E64D6-D7AD-4CAD-BED7-8D9265A4AC68}"
EndProject
Global
	GlobalSection(SolutionConfigurationPlatforms) = preSolution
		Debug|Any CPU = Debug|Any CPU
		Release|Any CPU = Release|Any CPU
	EndGlobalSection
	GlobalSection(ProjectConfigurationPlatforms) = postSolution
		{A25E64D6-D7AD-4CAD-BED7-8D9265A4AC68}.Debug|Any CPU.ActiveCfg = Debug|Any CPU
		{A25E64D6-D7AD-4CAD-BED7-8D9265A4AC68}.Debug|Any CPU.Build.0 = Debug|Any CPU
		{A25E64D6-D7AD-4CAD-BED7-8D9265A4AC68}.Release|Any CPU.ActiveCfg = Release|Any CPU
		{A25E64D6-D7AD-4CAD-BED7-8D9265A4AC68}.Release|Any CPU.Build.0 = Release|Any CPU
	EndGlobalSection
	GlobalSection(SolutionProperties) = preSolution
		HideSolutionNode = FALSE
	EndGlobalSection
EndGlobal
